
Microsoft Visual Studio Solution File, Format Version 12.00
# Visual Studio Version 16
VisualStudioVersion = 16.0.31205.134
MinimumVisualStudioVersion = 10.0.40219.1
Project("{FAE04EC0-301F-11D3-BF4B-00C04F79EFBC}") = "Popan_Denis_Andrei_Lab2", "Popan_Denis_Andrei_Lab2.csproj", "{A665C839-D70B-40A9-83C2-1C45BC7839E7}"
EndProject
Global
	GlobalSection(SolutionConfigurationPlatforms) = preSolution
		Debug|Any CPU = Debug|Any CPU
		Release|Any CPU = Release|Any CPU
	EndGlobalSection
	GlobalSection(ProjectConfigurationPlatforms) = postSolution
		{A665C839-D70B-40A9-83C2-1C45BC7839E7}.Debug|Any CPU.ActiveCfg = Debug|Any CPU
		{A665C839-D70B-40A9-83C2-1C45BC7839E7}.Debug|Any CPU.Build.0 = Debug|Any CPU
		{A665C839-D70B-40A9-83C2-1C45BC7839E7}.Release|Any CPU.ActiveCfg = Release|Any CPU
		{A665C839-D70B-40A9-83C2-1C45BC7839E7}.Release|Any CPU.Build.0 = Release|Any CPU
	EndGlobalSection
	GlobalSection(SolutionProperties) = preSolution
		HideSolutionNode = FALSE
	EndGlobalSection
	GlobalSection(ExtensibilityGlobals) = postSolution
		SolutionGuid = {9BE4547A-4100-48C4-9452-13C17E0D21BE}
	EndGlobalSection
EndGlobal
